// !$*UTF8*$!
{
	archiveVersion = 1;
	classes = {
	};
	objectVersion = 50;
	objects = {

/* Begin PBXBuildFile section */
		EB0C13AE2715B1F700C9AD9F /* AppDelegate.swift in Sources */ = {isa = PBXBuildFile; fileRef = EB0C13AD2715B1F700C9AD9F /* AppDelegate.swift */; };
		EB0C13B02715B1F700C9AD9F /* SceneDelegate.swift in Sources */ = {isa = PBXBuildFile; fileRef = EB0C13AF2715B1F700C9AD9F /* SceneDelegate.swift */; };
		EB0C13B22715B1F700C9AD9F /* ViewController.swift in Sources */ = {isa = PBXBuildFile; fileRef = EB0C13B12715B1F700C9AD9F /* ViewController.swift */; };
		EB0C13B52715B1F700C9AD9F /* Main.storyboard in Resources */ = {isa = PBXBuildFile; fileRef = EB0C13B32715B1F700C9AD9F /* Main.storyboard */; };
		EB0C13B72715B1F900C9AD9F /* Assets.xcassets in Resources */ = {isa = PBXBuildFile; fileRef = EB0C13B62715B1F900C9AD9F /* Assets.xcassets */; };
		EB0C13BA2715B1F900C9AD9F /* LaunchScreen.storyboard in Resources */ = {isa = PBXBuildFile; fileRef = EB0C13B82715B1F900C9AD9F /* LaunchScreen.storyboard */; };
/* End PBXBuildFile section */

/* Begin PBXFileReference section */
		EB0C13AA2715B1F700C9AD9F /* mapBoxTestTask.app */ = {isa = PBXFileReference; explicitFileType = wrapper.application; includeInIndex = 0; path = mapBoxTestTask.app; sourceTree = BUILT_PRODUCTS_DIR; };
		EB0C13AD2715B1F700C9AD9F /* AppDelegate.swift */ = {isa = PBXFileReference; lastKnownFileType = sourcecode.swift; path = AppDelegate.swift; sourceTree = "<group>"; };
		EB0C13AF2715B1F700C9AD9F /* SceneDelegate.swift */ = {isa = PBXFileReference; lastKnownFileType = sourcecode.swift; path = SceneDelegate.swift; sourceTree = "<group>"; };
		EB0C13B12715B1F700C9AD9F /* ViewController.swift */ = {isa = PBXFileReference; lastKnownFileType = sourcecode.swift; path = ViewController.swift; sourceTree = "<group>"; };
		EB0C13B42715B1F700C9AD9F /* Base */ = {isa = PBXFileReference; lastKnownFileType = file.storyboard; name = Base; path = Base.lproj/Main.storyboard; sourceTree = "<group>"; };
		EB0C13B62715B1F900C9AD9F /* Assets.xcassets */ = {isa = PBXFileReference; lastKnownFileType = folder.assetcatalog; path = Assets.xcassets; sourceTree = "<group>"; };
		EB0C13B92715B1F900C9AD9F /* Base */ = {isa = PBXFileReference; lastKnownFileType = file.storyboard; name = Base; path = Base.lproj/LaunchScreen.storyboard; sourceTree = "<group>"; };
		EB0C13BB2715B1F900C9AD9F /* Info.plist */ = {isa = PBXFileReference; lastKnownFileType = text.plist.xml; path = Info.plist; sourceTree = "<group>"; };
/* End PBXFileReference section */

/* Begin PBXFrameworksBuildPhase section */
		EB0C13A72715B1F700C9AD9F /* Frameworks */ = {
			isa = PBXFrameworksBuildPhase;
			buildActionMask = 2147483647;
			files = (
			);
			runOnlyForDeploymentPostprocessing = 0;
		};
/* End PBXFrameworksBuildPhase section */

/* Begin PBXGroup section */
		EB0C13A12715B1F700C9AD9F = {
			isa = PBXGroup;
			children = (
				EB0C13AC2715B1F700C9AD9F /* mapBoxTestTask */,
				EB0C13AB2715B1F700C9AD9F /* Products */,
			);
			sourceTree = "<group>";
		};
		EB0C13AB2715B1F700C9AD9F /* Products */ = {
			isa = PBXGroup;
			children = (
				EB0C13AA2715B1F700C9AD9F /* mapBoxTestTask.app */,
			);
			name = Products;
			sourceTree = "<group>";
		};
		EB0C13AC2715B1F700C9AD9F /* mapBoxTestTask */ = {
			isa = PBXGroup;
			children = (
				EB0C13AD2715B1F700C9AD9F /* AppDelegate.swift */,
				EB0C13AF2715B1F700C9AD9F /* SceneDelegate.swift */,
				EB0C13B12715B1F700C9AD9F /* ViewController.swift */,
				EB0C13B32715B1F700C9AD9F /* Main.storyboard */,
				EB0C13B62715B1F900C9AD9F /* Assets.xcassets */,
				EB0C13B82715B1F900C9AD9F /* LaunchScreen.storyboard */,
				EB0C13BB2715B1F900C9AD9F /* Info.plist */,
			);
			path = mapBoxTestTask;
			sourceTree = "<group>";
		};
/* End PBXGroup section */

/* Begin PBXNativeTarget section */
		EB0C13A92715B1F700C9AD9F /* mapBoxTestTask */ = {
			isa = PBXNativeTarget;
			buildConfigurationList = EB0C13BE2715B1F900C9AD9F /* Build configuration list for PBXNativeTarget "mapBoxTestTask" */;
			buildPhases = (
				EB0C13A62715B1F700C9AD9F /* Sources */,
				EB0C13A72715B1F700C9AD9F /* Frameworks */,
				EB0C13A82715B1F700C9AD9F /* Resources */,
			);
			buildRules = (
			);
			dependencies = (
			);
			name = mapBoxTestTask;
			productName = mapBoxTestTask;
			productReference = EB0C13AA2715B1F700C9AD9F /* mapBoxTestTask.app */;
			productType = "com.apple.product-type.application";
		};
/* End PBXNativeTarget section */

/* Begin PBXProject section */
		EB0C13A22715B1F700C9AD9F /* Project object */ = {
			isa = PBXProject;
			attributes = {
				LastSwiftUpdateCheck = 1250;
				LastUpgradeCheck = 1250;
				TargetAttributes = {
					EB0C13A92715B1F700C9AD9F = {
						CreatedOnToolsVersion = 12.5.1;
					};
				};
			};
			buildConfigurationList = EB0C13A52715B1F700C9AD9F /* Build configuration list for PBXProject "mapBoxTestTask" */;
			compatibilityVersion = "Xcode 9.3";
			developmentRegion = en;
			hasScannedForEncodings = 0;
			knownRegions = (
				en,
				Base,
			);
			mainGroup = EB0C13A12715B1F700C9AD9F;
			productRefGroup = EB0C13AB2715B1F700C9AD9F /* Products */;
			projectDirPath = "";
			projectRoot = "";
			targets = (
				EB0C13A92715B1F700C9AD9F /* mapBoxTestTask */,
			);
		};
/* End PBXProject section */

/* Begin PBXResourcesBuildPhase section */
		EB0C13A82715B1F700C9AD9F /* Resources */ = {
			isa = PBXResourcesBuildPhase;
			buildActionMask = 2147483647;
			files = (
				EB0C13BA2715B1F900C9AD9F /* LaunchScreen.storyboard in Resources */,
				EB0C13B72715B1F900C9AD9F /* Assets.xcassets in Resources */,
				EB0C13B52715B1F700C9AD9F /* Main.storyboard in Resources */,
			);
			runOnlyForDeploymentPostprocessing = 0;
		};
/* End PBXResourcesBuildPhase section */

/* Begin PBXSourcesBuildPhase section */
		EB0C13A62715B1F700C9AD9F /* Sources */ = {
			isa = PBXSourcesBuildPhase;
			buildActionMask = 2147483647;
			files = (
				EB0C13B22715B1F700C9AD9F /* ViewController.swift in Sources */,
				EB0C13AE2715B1F700C9AD9F /* AppDelegate.swift in Sources */,
				EB0C13B02715B1F700C9AD9F /* SceneDelegate.swift in Sources */,
			);
			runOnlyForDeploymentPostprocessing = 0;
		};
/* End PBXSourcesBuildPhase section */

/* Begin PBXVariantGroup section */
		EB0C13B32715B1F700C9AD9F /* Main.storyboard */ = {
			isa = PBXVariantGroup;
			children = (
				EB0C13B42715B1F700C9AD9F /* Base */,
			);
			name = Main.storyboard;
			sourceTree = "<group>";
		};
		EB0C13B82715B1F900C9AD9F /* LaunchScreen.storyboard */ = {
			isa = PBXVariantGroup;
			children = (
				EB0C13B92715B1F900C9AD9F /* Base */,
			);
			name = LaunchScreen.storyboard;
			sourceTree = "<group>";
		};
/* End PBXVariantGroup section */

/* Begin XCBuildConfiguration section */
		EB0C13BC2715B1F900C9AD9F /* Debug */ = {
			isa = XCBuildConfiguration;
			buildSettings = {
				ALWAYS_SEARCH_USER_PATHS = NO;
				CLANG_ANALYZER_NONNULL = YES;
				CLANG_ANALYZER_NUMBER_OBJECT_CONVERSION = YES_AGGRESSIVE;
				CLANG_CXX_LANGUAGE_STANDARD = "gnu++14";
				CLANG_CXX_LIBRARY = "libc++";
				CLANG_ENABLE_MODULES = YES;
				CLANG_ENABLE_OBJC_ARC = YES;
				CLANG_ENABLE_OBJC_WEAK = YES;
				CLANG_WARN_BLOCK_CAPTURE_AUTORELEASING = YES;
				CLANG_WARN_BOOL_CONVERSION = YES;
				CLANG_WARN_COMMA = YES;
				CLANG_WARN_CONSTANT_CONVERSION = YES;
				CLANG_WARN_DEPRECATED_OBJC_IMPLEMENTATIONS = YES;
				CLANG_WARN_DIRECT_OBJC_ISA_USAGE = YES_ERROR;
				CLANG_WARN_DOCUMENTATION_COMMENTS = YES;
				CLANG_WARN_EMPTY_BODY = YES;
				CLANG_WARN_ENUM_CONVERSION = YES;
				CLANG_WARN_INFINITE_RECURSION = YES;
				CLANG_WARN_INT_CONVERSION = YES;
				CLANG_WARN_NON_LITERAL_NULL_CONVERSION = YES;
				CLANG_WARN_OBJC_IMPLICIT_RETAIN_SELF = YES;
				CLANG_WARN_OBJC_LITERAL_CONVERSION = YES;
				CLANG_WARN_OBJC_ROOT_CLASS = YES_ERROR;
				CLANG_WARN_QUOTED_INCLUDE_IN_FRAMEWORK_HEADER = YES;
				CLANG_WARN_RANGE_LOOP_ANALYSIS = YES;
				CLANG_WARN_STRICT_PROTOTYPES = YES;
				CLANG_WARN_SUSPICIOUS_MOVE = YES;
				CLANG_WARN_UNGUARDED_AVAILABILITY = YES_AGGRESSIVE;
				CLANG_WARN_UNREACHABLE_CODE = YES;
				CLANG_WARN__DUPLICATE_METHOD_MATCH = YES;
				COPY_PHASE_STRIP = NO;
				DEBUG_INFORMATION_FORMAT = dwarf;
				ENABLE_STRICT_OBJC_MSGSEND = YES;
				ENABLE_TESTABILITY = YES;
				GCC_C_LANGUAGE_STANDARD = gnu11;
				GCC_DYNAMIC_NO_PIC = NO;
				GCC_NO_COMMON_BLOCKS = YES;
				GCC_OPTIMIZATION_LEVEL = 0;
				GCC_PREPROCESSOR_DEFINITIONS = (
					"DEBUG=1",
					"$(inherited)",
				);
				GCC_WARN_64_TO_32_BIT_CONVERSION = YES;
				GCC_WARN_ABOUT_RETURN_TYPE = YES_ERROR;
				GCC_WARN_UNDECLARED_SELECTOR = YES;
				GCC_WARN_UNINITIALIZED_AUTOS = YES_AGGRESSIVE;
				GCC_WARN_UNUSED_FUNCTION = YES;
				GCC_WARN_UNUSED_VARIABLE = YES;
				IPHONEOS_DEPLOYMENT_TARGET = 14.5;
				MTL_ENABLE_DEBUG_INFO = INCLUDE_SOURCE;
				MTL_FAST_MATH = YES;
				ONLY_ACTIVE_ARCH = YES;
				SDKROOT = iphoneos;
				SWIFT_ACTIVE_COMPILATION_CONDITIONS = DEBUG;
				SWIFT_OPTIMIZATION_LEVEL = "-Onone";
			};
			name = Debug;
		};
		EB0C13BD2715B1F900C9AD9F /* Release */ = {
			isa = XCBuildConfiguration;
			buildSettings = {
				ALWAYS_SEARCH_USER_PATHS = NO;
				CLANG_ANALYZER_NONNULL = YES;
				CLANG_ANALYZER_NUMBER_OBJECT_CONVERSION = YES_AGGRESSIVE;
				CLANG_CXX_LANGUAGE_STANDARD = "gnu++14";
				CLANG_CXX_LIBRARY = "libc++";
				CLANG_ENABLE_MODULES = YES;
				CLANG_ENABLE_OBJC_ARC = YES;
				CLANG_ENABLE_OBJC_WEAK = YES;
				CLANG_WARN_BLOCK_CAPTURE_AUTORELEASING = YES;
				CLANG_WARN_BOOL_CONVERSION = YES;
				CLANG_WARN_COMMA = YES;
				CLANG_WARN_CONSTANT_CONVERSION = YES;
				CLANG_WARN_DEPRECATED_OBJC_IMPLEMENTATIONS = YES;
				CLANG_WARN_DIRECT_OBJC_ISA_USAGE = YES_ERROR;
				CLANG_WARN_DOCUMENTATION_COMMENTS = YES;
				CLANG_WARN_EMPTY_BODY = YES;
				CLANG_WARN_ENUM_CONVERSION = YES;
				CLANG_WARN_INFINITE_RECURSION = YES;
				CLANG_WARN_INT_CONVERSION = YES;
				CLANG_WARN_NON_LITERAL_NULL_CONVERSION = YES;
				CLANG_WARN_OBJC_IMPLICIT_RETAIN_SELF = YES;
				CLANG_WARN_OBJC_LITERAL_CONVERSION = YES;
				CLANG_WARN_OBJC_ROOT_CLASS = YES_ERROR;
				CLANG_WARN_QUOTED_INCLUDE_IN_FRAMEWORK_HEADER = YES;
				CLANG_WARN_RANGE_LOOP_ANALYSIS = YES;
				CLANG_WARN_STRICT_PROTOTYPES = YES;
				CLANG_WARN_SUSPICIOUS_MOVE = YES;
				CLANG_WARN_UNGUARDED_AVAILABILITY = YES_AGGRESSIVE;
				CLANG_WARN_UNREACHABLE_CODE = YES;
				CLANG_WARN__DUPLICATE_METHOD_MATCH = YES;
				COPY_PHASE_STRIP = NO;
				DEBUG_INFORMATION_FORMAT = "dwarf-with-dsym";
				ENABLE_NS_ASSERTIONS = NO;
				ENABLE_STRICT_OBJC_MSGSEND = YES;
				GCC_C_LANGUAGE_STANDARD = gnu11;
				GCC_NO_COMMON_BLOCKS = YES;
				GCC_WARN_64_TO_32_BIT_CONVERSION = YES;
				GCC_WARN_ABOUT_RETURN_TYPE = YES_ERROR;
				GCC_WARN_UNDECLARED_SELECTOR = YES;
				GCC_WARN_UNINITIALIZED_AUTOS = YES_AGGRESSIVE;
				GCC_WARN_UNUSED_FUNCTION = YES;
				GCC_WARN_UNUSED_VARIABLE = YES;
				IPHONEOS_DEPLOYMENT_TARGET = 14.5;
				MTL_ENABLE_DEBUG_INFO = NO;
				MTL_FAST_MATH = YES;
				SDKROOT = iphoneos;
				SWIFT_COMPILATION_MODE = wholemodule;
				SWIFT_OPTIMIZATION_LEVEL = "-O";
				VALIDATE_PRODUCT = YES;
			};
			name = Release;
		};
		EB0C13BF2715B1F900C9AD9F /* Debug */ = {
			isa = XCBuildConfiguration;
			buildSettings = {
				ASSETCATALOG_COMPILER_APPICON_NAME = AppIcon;
				ASSETCATALOG_COMPILER_GLOBAL_ACCENT_COLOR_NAME = AccentColor;
				CODE_SIGN_STYLE = Automatic;
				DEVELOPMENT_TEAM = 9R54UUJXYS;
				INFOPLIST_FILE = mapBoxTestTask/Info.plist;
				LD_RUNPATH_SEARCH_PATHS = (
					"$(inherited)",
					"@executable_path/Frameworks",
				);
				PRODUCT_BUNDLE_IDENTIFIER = ITIS.mapBoxTestTask;
				PRODUCT_NAME = "$(TARGET_NAME)";
				SWIFT_VERSION = 5.0;
				TARGETED_DEVICE_FAMILY = "1,2";
			};
			name = Debug;
		};
		EB0C13C02715B1F900C9AD9F /* Release */ = {
			isa = XCBuildConfiguration;
			buildSettings = {
				ASSETCATALOG_COMPILER_APPICON_NAME = AppIcon;
				ASSETCATALOG_COMPILER_GLOBAL_ACCENT_COLOR_NAME = AccentColor;
				CODE_SIGN_STYLE = Automatic;
				DEVELOPMENT_TEAM = 9R54UUJXYS;
				INFOPLIST_FILE = mapBoxTestTask/Info.plist;
				LD_RUNPATH_SEARCH_PATHS = (
					"$(inherited)",
					"@executable_path/Frameworks",
				);
				PRODUCT_BUNDLE_IDENTIFIER = ITIS.mapBoxTestTask;
				PRODUCT_NAME = "$(TARGET_NAME)";
				SWIFT_VERSION = 5.0;
				TARGETED_DEVICE_FAMILY = "1,2";
			};
			name = Release;
		};
/* End XCBuildConfiguration section */

/* Begin XCConfigurationList section */
		EB0C13A52715B1F700C9AD9F /* Build configuration list for PBXProject "mapBoxTestTask" */ = {
			isa = XCConfigurationList;
			buildConfigurations = (
				EB0C13BC2715B1F900C9AD9F /* Debug */,
				EB0C13BD2715B1F900C9AD9F /* Release */,
			);
			defaultConfigurationIsVisible = 0;
			defaultConfigurationName = Release;
		};
		EB0C13BE2715B1F900C9AD9F /* Build configuration list for PBXNativeTarget "mapBoxTestTask" */ = {
			isa = XCConfigurationList;
			buildConfigurations = (
				EB0C13BF2715B1F900C9AD9F /* Debug */,
				EB0C13C02715B1F900C9AD9F /* Release */,
			);
			defaultConfigurationIsVisible = 0;
			defaultConfigurationName = Release;
		};
/* End XCConfigurationList section */
	};
	rootObject = EB0C13A22715B1F700C9AD9F /* Project object */;
}
